
Microsoft Visual Studio Solution File, Format Version 12.00
# Visual Studio 15
VisualStudioVersion = 15.0.28010.2036
MinimumVisualStudioVersion = 10.0.40219.1
Project("{8BC9CEB8-8B4A-11D0-8D11-00A0C91BC942}") = "lab1", "lab1\lab1.vcxproj", "{27F6BE3B-0957-4DC5-83D8-63F5BB5197B2}"
EndProject
Global
	GlobalSection(SolutionConfigurationPlatforms) = preSolution
		Debug|x64 = Debug|x64
		Debug|x86 = Debug|x86
		Release|x64 = Release|x64
		Release|x86 = Release|x86
	EndGlobalSection
	GlobalSection(ProjectConfigurationPlatforms) = postSolution
		{27F6BE3B-0957-4DC5-83D8-63F5BB5197B2}.Debug|x64.ActiveCfg = Debug|x64
		{27F6BE3B-0957-4DC5-83D8-63F5BB5197B2}.Debug|x64.Build.0 = Debug|x64
		{27F6BE3B-0957-4DC5-83D8-63F5BB5197B2}.Debug|x86.ActiveCfg = Debug|Win32
		{27F6BE3B-0957-4DC5-83D8-63F5BB5197B2}.Debug|x86.Build.0 = Debug|Win32
		{27F6BE3B-0957-4DC5-83D8-63F5BB5197B2}.Release|x64.ActiveCfg = Release|x64
		{27F6BE3B-0957-4DC5-83D8-63F5BB5197B2}.Release|x64.Build.0 = Release|x64
		{27F6BE3B-0957-4DC5-83D8-63F5BB5197B2}.Release|x86.ActiveCfg = Release|Win32
		{27F6BE3B-0957-4DC5-83D8-63F5BB5197B2}.Release|x86.Build.0 = Release|Win32
	EndGlobalSection
	GlobalSection(SolutionProperties) = preSolution
		HideSolutionNode = FALSE
	EndGlobalSection
	GlobalSection(ExtensibilityGlobals) = postSolution
		SolutionGuid = {CD0BEAF7-F9A7-4EBC-BDDA-44E74981465C}
	EndGlobalSection
EndGlobal
